<?xml version="1.0" encoding="utf-8"?>
<Project ToolsVersion="4.0" xmlns="http://schemas.microsoft.com/developer/msbuild/2003">
  <ItemGroup>
    <Filter Include="ソース ファイル">
      <UniqueIdentifier>{4FC737F1-C7A5-4376-A066-2A32D752A2FF}</UniqueIdentifier>
      <Extensions>cpp;c;cc;cxx;c++;cppm;ixx;def;odl;idl;hpj;bat;asm;asmx</Extensions>
    </Filter>
    <Filter Include="ソース ファイル\src">
      <UniqueIdentifier>{786aaf70-3a1d-4561-8c95-ce94a61df724}</UniqueIdentifier>
    </Filter>
    <Filter Include="ソース ファイル\src\Core">
      <UniqueIdentifier>{ed97eb08-2465-4603-835f-6df3be484714}</UniqueIdentifier>
    </Filter>
    <Filter Include="ソース ファイル\src\Utils">
      <UniqueIdentifier>{ad7a8604-5bda-4a79-b8bc-c3de516e573f}</UniqueIdentifier>
    </Filter>
    <Filter Include="ソース ファイル\src\Graphics">
      <UniqueIdentifier>{7350b8ef-69e4-438f-87e5-e8e56d754b24}</UniqueIdentifier>
    </Filter>
    <Filter Include="ソース ファイル\src\Math">
      <UniqueIdentifier>{5a49188c-2005-4894-90e2-8f1ca116659f}</UniqueIdentifier>
    </Filter>
    <Filter Include="ソース ファイル\src\Input">
      <UniqueIdentifier>{0b098dff-efeb-425d-8b64-b6720aecf80a}</UniqueIdentifier>
    </Filter>
    <Filter Include="ソース ファイル\src\UI">
      <UniqueIdentifier>{10ec1e86-407d-41c8-a9fb-34bea7888cca}</UniqueIdentifier>
    </Filter>
    <Filter Include="ソース ファイル\src\UI\backends">
      <UniqueIdentifier>{aa9a3c54-b06e-4b27-8bba-9ea3b2109266}</UniqueIdentifier>
    </Filter>
    <Filter Include="ソース ファイル\assets">
      <UniqueIdentifier>{ee7f8802-62b3-426f-9457-2f84acfda172}</UniqueIdentifier>
    </Filter>
    <Filter Include="ソース ファイル\assets\shaders">
      <UniqueIdentifier>{d1c0b3e1-b76f-4152-86e1-9284aa771f40}</UniqueIdentifier>
    </Filter>
    <Filter Include="ソース ファイル\src\Scripting">
      <UniqueIdentifier>{d740b1c4-3bb4-41a0-9b74-9cab4d6f14da}</UniqueIdentifier>
    </Filter>
    <Filter Include="ソース ファイル\assets\scripts">
      <UniqueIdentifier>{03e1ef04-b361-420e-a539-910994fa9c84}</UniqueIdentifier>
    </Filter>
  </ItemGroup>
  <ItemGroup>
    <ClInclude Include="src\Utils\Common.hpp">
      <Filter>ソース ファイル\src\Utils</Filter>
    </ClInclude>
    <ClInclude Include="src\Core\App.hpp">
      <Filter>ソース ファイル\src\Core</Filter>
    </ClInclude>
    <ClInclude Include="src\Core\Window.hpp">
      <Filter>ソース ファイル\src\Core</Filter>
    </ClInclude>
    <ClInclude Include="src\Graphics\Device.hpp">
      <Filter>ソース ファイル\src\Graphics</Filter>
    </ClInclude>
    <ClInclude Include="src\Math\Math.hpp">
      <Filter>ソース ファイル\src\Math</Filter>
    </ClInclude>
    <ClInclude Include="src\Graphics\TriangleRenderer.hpp">
      <Filter>ソース ファイル\src\Graphics</Filter>
    </ClInclude>
    <ClInclude Include="src\Graphics\Camera.hpp">
      <Filter>ソース ファイル\src\Graphics</Filter>
    </ClInclude>
    <ClInclude Include="src\Graphics\ConstantBuffer.hpp">
      <Filter>ソース ファイル\src\Graphics</Filter>
    </ClInclude>
    <ClInclude Include="src\Input\KeyCode.hpp">
      <Filter>ソース ファイル\src\Input</Filter>
    </ClInclude>
    <ClInclude Include="src\Input\InputManager.hpp">
      <Filter>ソース ファイル\src\Input</Filter>
    </ClInclude>
    <ClInclude Include="src\Input\MouseState.hpp">
      <Filter>ソース ファイル\src\Input</Filter>
    </ClInclude>
    <ClInclude Include="src\Graphics\CubeRenderer.hpp">
      <Filter>ソース ファイル\src\Graphics</Filter>
    </ClInclude>
    <ClInclude Include="src\Graphics\VertexTypes.hpp">
      <Filter>ソース ファイル\src\Graphics</Filter>
    </ClInclude>
    <ClInclude Include="src\Core\GameObject.hpp">
      <Filter>ソース ファイル\src\Core</Filter>
    </ClInclude>
    <ClInclude Include="src\Graphics\RenderComponent.hpp">
      <Filter>ソース ファイル\src\Graphics</Filter>
    </ClInclude>
    <ClInclude Include="src\UI\ImGuiManager.hpp">
      <Filter>ソース ファイル\src\UI</Filter>
    </ClInclude>
    <ClInclude Include="src\UI\imconfig.h">
      <Filter>ソース ファイル\src\UI</Filter>
    </ClInclude>
    <ClInclude Include="src\UI\imgui.h">
      <Filter>ソース ファイル\src\UI</Filter>
    </ClInclude>
    <ClInclude Include="src\UI\imgui_internal.h">
      <Filter>ソース ファイル\src\UI</Filter>
    </ClInclude>
    <ClInclude Include="src\UI\imstb_rectpack.h">
      <Filter>ソース ファイル\src\UI</Filter>
    </ClInclude>
    <ClInclude Include="src\UI\imstb_textedit.h">
      <Filter>ソース ファイル\src\UI</Filter>
    </ClInclude>
    <ClInclude Include="src\UI\imstb_truetype.h">
      <Filter>ソース ファイル\src\UI</Filter>
    </ClInclude>
    <ClInclude Include="src\UI\backends\imgui_impl_dx12.h">
      <Filter>ソース ファイル\src\UI\backends</Filter>
    </ClInclude>
    <ClInclude Include="src\UI\backends\imgui_impl_win32.h">
      <Filter>ソース ファイル\src\UI\backends</Filter>
    </ClInclude>
    <ClInclude Include="src\Graphics\Material.hpp">
      <Filter>ソース ファイル\src\Graphics</Filter>
    </ClInclude>
    <ClInclude Include="src\Graphics\Texture.hpp">
      <Filter>ソース ファイル\src\Graphics</Filter>
    </ClInclude>
    <ClInclude Include="src\Graphics\stb_image.h">
      <Filter>ソース ファイル\src\Graphics</Filter>
    </ClInclude>
    <ClInclude Include="src\Graphics\stb_image_resize2.h">
      <Filter>ソース ファイル\src\Graphics</Filter>
    </ClInclude>
    <ClInclude Include="src\Graphics\ShaderManager.hpp">
      <Filter>ソース ファイル\src\Graphics</Filter>
    </ClInclude>
    <ClInclude Include="src\Graphics\MaterialSerialization.hpp">
      <Filter>ソース ファイル\src\Graphics</Filter>
    </ClInclude>
    <ClInclude Include="src\UI\ProjectWindow.hpp">
      <Filter>ソース ファイル\src\UI</Filter>
    </ClInclude>
    <ClInclude Include="src\UI\ContextMenu.hpp">
      <Filter>ソース ファイル\src\UI</Filter>
    </ClInclude>
    <ClInclude Include="src\Scripting\ScriptManager.hpp">
      <Filter>ソース ファイル\src\Scripting</Filter>
    </ClInclude>
    <ClInclude Include="src\Scripting\LuaBindings.hpp">
      <Filter>ソース ファイル\src\Scripting</Filter>
    </ClInclude>
    <ClInclude Include="src\Scripting\LuaScriptComponent.hpp">
      <Filter>ソース ファイル\src\Scripting</Filter>
    </ClInclude>
    <ClInclude Include="src\Scripting\LuaScriptUtility.hpp">
      <Filter>ソース ファイル\src\Scripting</Filter>
    </ClInclude>
    <ClInclude Include="src\Core\EditorState.hpp">
      <Filter>ソース ファイル\src\Core</Filter>
    </ClInclude>
    <ClInclude Include="src\Core\PlayModeController.hpp">
      <Filter>ソース ファイル\src\Core</Filter>
    </ClInclude>
    <ClInclude Include="src\Scripting\IScript.hpp">
      <Filter>ソース ファイル\src\Scripting</Filter>
    </ClInclude>
    <ClInclude Include="src\Scripting\CppScriptComponent.hpp">
      <Filter>ソース ファイル\src\Scripting</Filter>
    </ClInclude>
    <ClInclude Include="src\Scripting\CppScriptUtility.hpp">
      <Filter>ソース ファイル\src\Scripting</Filter>
    </ClInclude>
    <ClInclude Include="src\Scripting\Scripts.hpp">
      <Filter>ソース ファイル\src\Scripting</Filter>
    </ClInclude>
  </ItemGroup>
  <ItemGroup>
    <ClCompile Include="src\Core\App.cpp">
      <Filter>ソース ファイル\src\Core</Filter>
    </ClCompile>
    <ClCompile Include="src\main.cpp">
      <Filter>ソース ファイル\src</Filter>
    </ClCompile>
    <ClCompile Include="src\Core\Window.cpp">
      <Filter>ソース ファイル\src\Core</Filter>
    </ClCompile>
    <ClCompile Include="src\Graphics\Device.cpp">
      <Filter>ソース ファイル\src\Graphics</Filter>
    </ClCompile>
    <ClCompile Include="src\Graphics\TriangleRenderer.cpp">
      <Filter>ソース ファイル\src\Graphics</Filter>
    </ClCompile>
    <ClCompile Include="src\Graphics\Camera.cpp">
      <Filter>ソース ファイル\src\Graphics</Filter>
    </ClCompile>
    <ClCompile Include="src\Graphics\ConstantBuffer.cpp">
      <Filter>ソース ファイル\src\Graphics</Filter>
    </ClCompile>
    <ClCompile Include="src\Input\InputManager.cpp">
      <Filter>ソース ファイル\src\Input</Filter>
    </ClCompile>
    <ClCompile Include="src\Graphics\CubeRenderer.cpp">
      <Filter>ソース ファイル\src\Graphics</Filter>
    </ClCompile>
    <ClCompile Include="src\Core\GameObject.cpp">
      <Filter>ソース ファイル\src\Core</Filter>
    </ClCompile>
    <ClCompile Include="src\Graphics\RenderComponent.cpp">
      <Filter>ソース ファイル\src\Graphics</Filter>
    </ClCompile>
    <ClCompile Include="src\UI\ImGuiManager.cpp">
      <Filter>ソース ファイル\src\UI</Filter>
    </ClCompile>
    <ClCompile Include="src\UI\imgui.cpp">
      <Filter>ソース ファイル\src\UI</Filter>
    </ClCompile>
    <ClCompile Include="src\UI\imgui_demo.cpp">
      <Filter>ソース ファイル\src\UI</Filter>
    </ClCompile>
    <ClCompile Include="src\UI\imgui_draw.cpp">
      <Filter>ソース ファイル\src\UI</Filter>
    </ClCompile>
    <ClCompile Include="src\UI\imgui_tables.cpp">
      <Filter>ソース ファイル\src\UI</Filter>
    </ClCompile>
    <ClCompile Include="src\UI\imgui_widgets.cpp">
      <Filter>ソース ファイル\src\UI</Filter>
    </ClCompile>
    <ClCompile Include="src\UI\backends\imgui_impl_dx12.cpp">
      <Filter>ソース ファイル\src\UI\backends</Filter>
    </ClCompile>
    <ClCompile Include="src\UI\backends\imgui_impl_win32.cpp">
      <Filter>ソース ファイル\src\UI\backends</Filter>
    </ClCompile>
    <ClCompile Include="src\Graphics\Material.cpp">
      <Filter>ソース ファイル\src\Graphics</Filter>
    </ClCompile>
    <ClCompile Include="src\Graphics\Texture.cpp">
      <Filter>ソース ファイル\src\Graphics</Filter>
    </ClCompile>
    <ClCompile Include="src\Graphics\MaterialSerialization.cpp">
      <Filter>ソース ファイル\src\Graphics</Filter>
    </ClCompile>
    <ClCompile Include="src\Graphics\ShaderManager.cpp">
      <Filter>ソース ファイル\src\Graphics</Filter>
    </ClCompile>
    <ClCompile Include="src\UI\ProjectWindow.cpp">
      <Filter>ソース ファイル\src\UI</Filter>
    </ClCompile>
    <ClCompile Include="src\UI\ContextMenu.cpp">
      <Filter>ソース ファイル\src\UI</Filter>
    </ClCompile>
    <ClCompile Include="src\Scripting\ScriptManager.cpp">
      <Filter>ソース ファイル\src\Scripting</Filter>
    </ClCompile>
    <ClCompile Include="src\Scripting\LuaScriptComponent.cpp">
      <Filter>ソース ファイル\src\Scripting</Filter>
    </ClCompile>
    <ClCompile Include="src\Scripting\LuaScriptUtility.cpp">
      <Filter>ソース ファイル\src\Scripting</Filter>
    </ClCompile>
    <ClCompile Include="src\Core\PlayModeController.cpp">
      <Filter>ソース ファイル\src\Core</Filter>
    </ClCompile>
    <ClCompile Include="src\Scripting\CppScriptUtility.cpp">
      <Filter>ソース ファイル\src\Scripting</Filter>
    </ClCompile>
  </ItemGroup>
  <ItemGroup>
    <None Include="assets\scripts\test.lua">
      <Filter>ソース ファイル\assets\scripts</Filter>
    </None>
    <None Include="assets\scripts\move.lua">
      <Filter>ソース ファイル\assets\scripts</Filter>
    </None>
    <None Include="engine-assets\shaders\Common.hlsli">
      <Filter>ソース ファイル\assets\shaders</Filter>
    </None>
    <None Include="engine-assets\shaders\Lighting.hlsli">
      <Filter>ソース ファイル\assets\shaders</Filter>
    </None>
  </ItemGroup>
  <ItemGroup>
    <FxCompile Include="engine-assets\shaders\BasicPixel.hlsl">
      <Filter>ソース ファイル\assets\shaders</Filter>
    </FxCompile>
    <FxCompile Include="engine-assets\shaders\BasicVertex.hlsl">
      <Filter>ソース ファイル\assets\shaders</Filter>
    </FxCompile>
    <FxCompile Include="engine-assets\shaders\PBR_PS.hlsl">
      <Filter>ソース ファイル\assets\shaders</Filter>
    </FxCompile>
    <FxCompile Include="engine-assets\shaders\PBR_VS.hlsl">
      <Filter>ソース ファイル\assets\shaders</Filter>
    </FxCompile>
    <FxCompile Include="engine-assets\shaders\PBR_Lite_PS.hlsl">
      <Filter>ソース ファイル\assets\shaders</Filter>
    </FxCompile>
  </ItemGroup>
</Project>